// !$*UTF8*$!
{
	archiveVersion = 1;
	classes = {
	};
	objectVersion = 46;
	objects = {

/* Begin PBXBuildFile section */
		24BAA6511B1607F00015A68D /* AppDelegate.swift in Sources */ = {isa = PBXBuildFile; fileRef = 24BAA6501B1607F00015A68D /* AppDelegate.swift */; };
		24BAA6531B1607F00015A68D /* MasterViewController.swift in Sources */ = {isa = PBXBuildFile; fileRef = 24BAA6521B1607F00015A68D /* MasterViewController.swift */; };
		24BAA6551B1607F00015A68D /* DetailViewController.swift in Sources */ = {isa = PBXBuildFile; fileRef = 24BAA6541B1607F00015A68D /* DetailViewController.swift */; };
		24BAA6581B1607F00015A68D /* Main.storyboard in Resources */ = {isa = PBXBuildFile; fileRef = 24BAA6561B1607F00015A68D /* Main.storyboard */; };
		24BAA65A1B1607F00015A68D /* Images.xcassets in Resources */ = {isa = PBXBuildFile; fileRef = 24BAA6591B1607F00015A68D /* Images.xcassets */; };
		24BAA65D1B1607F00015A68D /* LaunchScreen.xib in Resources */ = {isa = PBXBuildFile; fileRef = 24BAA65B1B1607F00015A68D /* LaunchScreen.xib */; };
		24BAA6691B1607F10015A68D /* Care2_PetitionsTests.swift in Sources */ = {isa = PBXBuildFile; fileRef = 24BAA6681B1607F10015A68D /* Care2_PetitionsTests.swift */; };
/* End PBXBuildFile section */

/* Begin PBXContainerItemProxy section */
		24BAA6631B1607F10015A68D /* PBXContainerItemProxy */ = {
			isa = PBXContainerItemProxy;
			containerPortal = 24BAA6431B1607F00015A68D /* Project object */;
			proxyType = 1;
			remoteGlobalIDString = 24BAA64A1B1607F00015A68D;
			remoteInfo = "Care2 Petitions";
		};
/* End PBXContainerItemProxy section */

/* Begin PBXFileReference section */
		24BAA64B1B1607F00015A68D /* Care2 Petitions.app */ = {isa = PBXFileReference; explicitFileType = wrapper.application; includeInIndex = 0; path = "Care2 Petitions.app"; sourceTree = BUILT_PRODUCTS_DIR; };
		24BAA64F1B1607F00015A68D /* Info.plist */ = {isa = PBXFileReference; lastKnownFileType = text.plist.xml; path = Info.plist; sourceTree = "<group>"; };
		24BAA6501B1607F00015A68D /* AppDelegate.swift */ = {isa = PBXFileReference; lastKnownFileType = sourcecode.swift; path = AppDelegate.swift; sourceTree = "<group>"; };
		24BAA6521B1607F00015A68D /* MasterViewController.swift */ = {isa = PBXFileReference; lastKnownFileType = sourcecode.swift; path = MasterViewController.swift; sourceTree = "<group>"; };
		24BAA6541B1607F00015A68D /* DetailViewController.swift */ = {isa = PBXFileReference; lastKnownFileType = sourcecode.swift; path = DetailViewController.swift; sourceTree = "<group>"; };
		24BAA6571B1607F00015A68D /* Base */ = {isa = PBXFileReference; lastKnownFileType = file.storyboard; name = Base; path = Base.lproj/Main.storyboard; sourceTree = "<group>"; };
		24BAA6591B1607F00015A68D /* Images.xcassets */ = {isa = PBXFileReference; lastKnownFileType = folder.assetcatalog; path = Images.xcassets; sourceTree = "<group>"; };
		24BAA65C1B1607F00015A68D /* Base */ = {isa = PBXFileReference; lastKnownFileType = file.xib; name = Base; path = Base.lproj/LaunchScreen.xib; sourceTree = "<group>"; };
		24BAA6621B1607F10015A68D /* Care2 PetitionsTests.xctest */ = {isa = PBXFileReference; explicitFileType = wrapper.cfbundle; includeInIndex = 0; path = "Care2 PetitionsTests.xctest"; sourceTree = BUILT_PRODUCTS_DIR; };
		24BAA6671B1607F10015A68D /* Info.plist */ = {isa = PBXFileReference; lastKnownFileType = text.plist.xml; path = Info.plist; sourceTree = "<group>"; };
		24BAA6681B1607F10015A68D /* Care2_PetitionsTests.swift */ = {isa = PBXFileReference; lastKnownFileType = sourcecode.swift; path = Care2_PetitionsTests.swift; sourceTree = "<group>"; };
/* End PBXFileReference section */

/* Begin PBXFrameworksBuildPhase section */
		24BAA6481B1607F00015A68D /* Frameworks */ = {
			isa = PBXFrameworksBuildPhase;
			buildActionMask = 2147483647;
			files = (
			);
			runOnlyForDeploymentPostprocessing = 0;
		};
		24BAA65F1B1607F10015A68D /* Frameworks */ = {
			isa = PBXFrameworksBuildPhase;
			buildActionMask = 2147483647;
			files = (
			);
			runOnlyForDeploymentPostprocessing = 0;
		};
/* End PBXFrameworksBuildPhase section */

/* Begin PBXGroup section */
		24BAA6421B1607F00015A68D = {
			isa = PBXGroup;
			children = (
				24BAA64D1B1607F00015A68D /* Care2 Petitions */,
				24BAA6651B1607F10015A68D /* Care2 PetitionsTests */,
				24BAA64C1B1607F00015A68D /* Products */,
			);
			sourceTree = "<group>";
		};
		24BAA64C1B1607F00015A68D /* Products */ = {
			isa = PBXGroup;
			children = (
				24BAA64B1B1607F00015A68D /* Care2 Petitions.app */,
				24BAA6621B1607F10015A68D /* Care2 PetitionsTests.xctest */,
			);
			name = Products;
			sourceTree = "<group>";
		};
		24BAA64D1B1607F00015A68D /* Care2 Petitions */ = {
			isa = PBXGroup;
			children = (
				24BAA6501B1607F00015A68D /* AppDelegate.swift */,
				24BAA6521B1607F00015A68D /* MasterViewController.swift */,
				24BAA6541B1607F00015A68D /* DetailViewController.swift */,
				24BAA6561B1607F00015A68D /* Main.storyboard */,
				24BAA6591B1607F00015A68D /* Images.xcassets */,
				24BAA65B1B1607F00015A68D /* LaunchScreen.xib */,
				24BAA64E1B1607F00015A68D /* Supporting Files */,
			);
			path = "Care2 Petitions";
			sourceTree = "<group>";
		};
		24BAA64E1B1607F00015A68D /* Supporting Files */ = {
			isa = PBXGroup;
			children = (
				24BAA64F1B1607F00015A68D /* Info.plist */,
			);
			name = "Supporting Files";
			sourceTree = "<group>";
		};
		24BAA6651B1607F10015A68D /* Care2 PetitionsTests */ = {
			isa = PBXGroup;
			children = (
				24BAA6681B1607F10015A68D /* Care2_PetitionsTests.swift */,
				24BAA6661B1607F10015A68D /* Supporting Files */,
			);
			path = "Care2 PetitionsTests";
			sourceTree = "<group>";
		};
		24BAA6661B1607F10015A68D /* Supporting Files */ = {
			isa = PBXGroup;
			children = (
				24BAA6671B1607F10015A68D /* Info.plist */,
			);
			name = "Supporting Files";
			sourceTree = "<group>";
		};
/* End PBXGroup section */

/* Begin PBXNativeTarget section */
		24BAA64A1B1607F00015A68D /* Care2 Petitions */ = {
			isa = PBXNativeTarget;
			buildConfigurationList = 24BAA66C1B1607F10015A68D /* Build configuration list for PBXNativeTarget "Care2 Petitions" */;
			buildPhases = (
				24BAA6471B1607F00015A68D /* Sources */,
				24BAA6481B1607F00015A68D /* Frameworks */,
				24BAA6491B1607F00015A68D /* Resources */,
			);
			buildRules = (
			);
			dependencies = (
			);
			name = "Care2 Petitions";
			productName = "Care2 Petitions";
			productReference = 24BAA64B1B1607F00015A68D /* Care2 Petitions.app */;
			productType = "com.apple.product-type.application";
		};
		24BAA6611B1607F10015A68D /* Care2 PetitionsTests */ = {
			isa = PBXNativeTarget;
			buildConfigurationList = 24BAA66F1B1607F10015A68D /* Build configuration list for PBXNativeTarget "Care2 PetitionsTests" */;
			buildPhases = (
				24BAA65E1B1607F10015A68D /* Sources */,
				24BAA65F1B1607F10015A68D /* Frameworks */,
				24BAA6601B1607F10015A68D /* Resources */,
			);
			buildRules = (
			);
			dependencies = (
				24BAA6641B1607F10015A68D /* PBXTargetDependency */,
			);
			name = "Care2 PetitionsTests";
			productName = "Care2 PetitionsTests";
			productReference = 24BAA6621B1607F10015A68D /* Care2 PetitionsTests.xctest */;
			productType = "com.apple.product-type.bundle.unit-test";
		};
/* End PBXNativeTarget section */

/* Begin PBXProject section */
		24BAA6431B1607F00015A68D /* Project object */ = {
			isa = PBXProject;
			attributes = {
				LastUpgradeCheck = 0630;
				TargetAttributes = {
					24BAA64A1B1607F00015A68D = {
						CreatedOnToolsVersion = 6.3.1;
					};
					24BAA6611B1607F10015A68D = {
						CreatedOnToolsVersion = 6.3.1;
						TestTargetID = 24BAA64A1B1607F00015A68D;
					};
				};
			};
			buildConfigurationList = 24BAA6461B1607F00015A68D /* Build configuration list for PBXProject "Care2 Petitions" */;
			compatibilityVersion = "Xcode 3.2";
			developmentRegion = English;
			hasScannedForEncodings = 0;
			knownRegions = (
				en,
				Base,
			);
			mainGroup = 24BAA6421B1607F00015A68D;
			productRefGroup = 24BAA64C1B1607F00015A68D /* Products */;
			projectDirPath = "";
			projectRoot = "";
			targets = (
				24BAA64A1B1607F00015A68D /* Care2 Petitions */,
				24BAA6611B1607F10015A68D /* Care2 PetitionsTests */,
			);
		};
/* End PBXProject section */

/* Begin PBXResourcesBuildPhase section */
		24BAA6491B1607F00015A68D /* Resources */ = {
			isa = PBXResourcesBuildPhase;
			buildActionMask = 2147483647;
			files = (
				24BAA6581B1607F00015A68D /* Main.storyboard in Resources */,
				24BAA65D1B1607F00015A68D /* LaunchScreen.xib in Resources */,
				24BAA65A1B1607F00015A68D /* Images.xcassets in Resources */,
			);
			runOnlyForDeploymentPostprocessing = 0;
		};
		24BAA6601B1607F10015A68D /* Resources */ = {
			isa = PBXResourcesBuildPhase;
			buildActionMask = 2147483647;
			files = (
			);
			runOnlyForDeploymentPostprocessing = 0;
		};
/* End PBXResourcesBuildPhase section */

/* Begin PBXSourcesBuildPhase section */
		24BAA6471B1607F00015A68D /* Sources */ = {
			isa = PBXSourcesBuildPhase;
			buildActionMask = 2147483647;
			files = (
				24BAA6551B1607F00015A68D /* DetailViewController.swift in Sources */,
				24BAA6531B1607F00015A68D /* MasterViewController.swift in Sources */,
				24BAA6511B1607F00015A68D /* AppDelegate.swift in Sources */,
			);
			runOnlyForDeploymentPostprocessing = 0;
		};
		24BAA65E1B1607F10015A68D /* Sources */ = {
			isa = PBXSourcesBuildPhase;
			buildActionMask = 2147483647;
			files = (
				24BAA6691B1607F10015A68D /* Care2_PetitionsTests.swift in Sources */,
			);
			runOnlyForDeploymentPostprocessing = 0;
		};
/* End PBXSourcesBuildPhase section */

/* Begin PBXTargetDependency section */
		24BAA6641B1607F10015A68D /* PBXTargetDependency */ = {
			isa = PBXTargetDependency;
			target = 24BAA64A1B1607F00015A68D /* Care2 Petitions */;
			targetProxy = 24BAA6631B1607F10015A68D /* PBXContainerItemProxy */;
		};
/* End PBXTargetDependency section */

/* Begin PBXVariantGroup section */
		24BAA6561B1607F00015A68D /* Main.storyboard */ = {
			isa = PBXVariantGroup;
			children = (
				24BAA6571B1607F00015A68D /* Base */,
			);
			name = Main.storyboard;
			sourceTree = "<group>";
		};
		24BAA65B1B1607F00015A68D /* LaunchScreen.xib */ = {
			isa = PBXVariantGroup;
			children = (
				24BAA65C1B1607F00015A68D /* Base */,
			);
			name = LaunchScreen.xib;
			sourceTree = "<group>";
		};
/* End PBXVariantGroup section */

/* Begin XCBuildConfiguration section */
		24BAA66A1B1607F10015A68D /* Debug */ = {
			isa = XCBuildConfiguration;
			buildSettings = {
				ALWAYS_SEARCH_USER_PATHS = NO;
				CLANG_CXX_LANGUAGE_STANDARD = "gnu++0x";
				CLANG_CXX_LIBRARY = "libc++";
				CLANG_ENABLE_MODULES = YES;
				CLANG_ENABLE_OBJC_ARC = YES;
				CLANG_WARN_BOOL_CONVERSION = YES;
				CLANG_WARN_CONSTANT_CONVERSION = YES;
				CLANG_WARN_DIRECT_OBJC_ISA_USAGE = YES_ERROR;
				CLANG_WARN_EMPTY_BODY = YES;
				CLANG_WARN_ENUM_CONVERSION = YES;
				CLANG_WARN_INT_CONVERSION = YES;
				CLANG_WARN_OBJC_ROOT_CLASS = YES_ERROR;
				CLANG_WARN_UNREACHABLE_CODE = YES;
				CLANG_WARN__DUPLICATE_METHOD_MATCH = YES;
				"CODE_SIGN_IDENTITY[sdk=iphoneos*]" = "iPhone Developer";
				COPY_PHASE_STRIP = NO;
				DEBUG_INFORMATION_FORMAT = "dwarf-with-dsym";
				ENABLE_STRICT_OBJC_MSGSEND = YES;
				GCC_C_LANGUAGE_STANDARD = gnu99;
				GCC_DYNAMIC_NO_PIC = NO;
				GCC_NO_COMMON_BLOCKS = YES;
				GCC_OPTIMIZATION_LEVEL = 0;
				GCC_PREPROCESSOR_DEFINITIONS = (
					"DEBUG=1",
					"$(inherited)",
				);
				GCC_SYMBOLS_PRIVATE_EXTERN = NO;
				GCC_WARN_64_TO_32_BIT_CONVERSION = YES;
				GCC_WARN_ABOUT_RETURN_TYPE = YES_ERROR;
				GCC_WARN_UNDECLARED_SELECTOR = YES;
				GCC_WARN_UNINITIALIZED_AUTOS = YES_AGGRESSIVE;
				GCC_WARN_UNUSED_FUNCTION = YES;
				GCC_WARN_UNUSED_VARIABLE = YES;
				IPHONEOS_DEPLOYMENT_TARGET = 8.3;
				MTL_ENABLE_DEBUG_INFO = YES;
				ONLY_ACTIVE_ARCH = YES;
				SDKROOT = iphoneos;
				SWIFT_OPTIMIZATION_LEVEL = "-Onone";
				TARGETED_DEVICE_FAMILY = "1,2";
			};
			name = Debug;
		};
		24BAA66B1B1607F10015A68D /* Release */ = {
			isa = XCBuildConfiguration;
			buildSettings = {
				ALWAYS_SEARCH_USER_PATHS = NO;
				CLANG_CXX_LANGUAGE_STANDARD = "gnu++0x";
				CLANG_CXX_LIBRARY = "libc++";
				CLANG_ENABLE_MODULES = YES;
				CLANG_ENABLE_OBJC_ARC = YES;
				CLANG_WARN_BOOL_CONVERSION = YES;
				CLANG_WARN_CONSTANT_CONVERSION = YES;
				CLANG_WARN_DIRECT_OBJC_ISA_USAGE = YES_ERROR;
				CLANG_WARN_EMPTY_BODY = YES;
				CLANG_WARN_ENUM_CONVERSION = YES;
				CLANG_WARN_INT_CONVERSION = YES;
				CLANG_WARN_OBJC_ROOT_CLASS = YES_ERROR;
				CLANG_WARN_UNREACHABLE_CODE = YES;
				CLANG_WARN__DUPLICATE_METHOD_MATCH = YES;
				"CODE_SIGN_IDENTITY[sdk=iphoneos*]" = "iPhone Developer";
				COPY_PHASE_STRIP = NO;
				DEBUG_INFORMATION_FORMAT = "dwarf-with-dsym";
				ENABLE_NS_ASSERTIONS = NO;
				ENABLE_STRICT_OBJC_MSGSEND = YES;
				GCC_C_LANGUAGE_STANDARD = gnu99;
				GCC_NO_COMMON_BLOCKS = YES;
				GCC_WARN_64_TO_32_BIT_CONVERSION = YES;
				GCC_WARN_ABOUT_RETURN_TYPE = YES_ERROR;
				GCC_WARN_UNDECLARED_SELECTOR = YES;
				GCC_WARN_UNINITIALIZED_AUTOS = YES_AGGRESSIVE;
				GCC_WARN_UNUSED_FUNCTION = YES;
				GCC_WARN_UNUSED_VARIABLE = YES;
				IPHONEOS_DEPLOYMENT_TARGET = 8.3;
				MTL_ENABLE_DEBUG_INFO = NO;
				SDKROOT = iphoneos;
				TARGETED_DEVICE_FAMILY = "1,2";
				VALIDATE_PRODUCT = YES;
			};
			name = Release;
		};
		24BAA66D1B1607F10015A68D /* Debug */ = {
			isa = XCBuildConfiguration;
			buildSettings = {
				ASSETCATALOG_COMPILER_APPICON_NAME = AppIcon;
				INFOPLIST_FILE = "Care2 Petitions/Info.plist";
				LD_RUNPATH_SEARCH_PATHS = "$(inherited) @executable_path/Frameworks";
				PRODUCT_NAME = "$(TARGET_NAME)";
			};
			name = Debug;
		};
		24BAA66E1B1607F10015A68D /* Release */ = {
			isa = XCBuildConfiguration;
			buildSettings = {
				ASSETCATALOG_COMPILER_APPICON_NAME = AppIcon;
				INFOPLIST_FILE = "Care2 Petitions/Info.plist";
				LD_RUNPATH_SEARCH_PATHS = "$(inherited) @executable_path/Frameworks";
				PRODUCT_NAME = "$(TARGET_NAME)";
			};
			name = Release;
		};
		24BAA6701B1607F10015A68D /* Debug */ = {
			isa = XCBuildConfiguration;
			buildSettings = {
				BUNDLE_LOADER = "$(TEST_HOST)";
				FRAMEWORK_SEARCH_PATHS = (
					"$(SDKROOT)/Developer/Library/Frameworks",
					"$(inherited)",
				);
				GCC_PREPROCESSOR_DEFINITIONS = (
					"DEBUG=1",
					"$(inherited)",
				);
				INFOPLIST_FILE = "Care2 PetitionsTests/Info.plist";
				LD_RUNPATH_SEARCH_PATHS = "$(inherited) @executable_path/Frameworks @loader_path/Frameworks";
				PRODUCT_NAME = "$(TARGET_NAME)";
				TEST_HOST = "$(BUILT_PRODUCTS_DIR)/Care2 Petitions.app/Care2 Petitions";
			};
			name = Debug;
		};
		24BAA6711B1607F10015A68D /* Release */ = {
			isa = XCBuildConfiguration;
			buildSettings = {
				BUNDLE_LOADER = "$(TEST_HOST)";
				FRAMEWORK_SEARCH_PATHS = (
					"$(SDKROOT)/Developer/Library/Frameworks",
					"$(inherited)",
				);
				INFOPLIST_FILE = "Care2 PetitionsTests/Info.plist";
				LD_RUNPATH_SEARCH_PATHS = "$(inherited) @executable_path/Frameworks @loader_path/Frameworks";
				PRODUCT_NAME = "$(TARGET_NAME)";
				TEST_HOST = "$(BUILT_PRODUCTS_DIR)/Care2 Petitions.app/Care2 Petitions";
			};
			name = Release;
		};
/* End XCBuildConfiguration section */

/* Begin XCConfigurationList section */
		24BAA6461B1607F00015A68D /* Build configuration list for PBXProject "Care2 Petitions" */ = {
			isa = XCConfigurationList;
			buildConfigurations = (
				24BAA66A1B1607F10015A68D /* Debug */,
				24BAA66B1B1607F10015A68D /* Release */,
			);
			defaultConfigurationIsVisible = 0;
			defaultConfigurationName = Release;
		};
		24BAA66C1B1607F10015A68D /* Build configuration list for PBXNativeTarget "Care2 Petitions" */ = {
			isa = XCConfigurationList;
			buildConfigurations = (
				24BAA66D1B1607F10015A68D /* Debug */,
				24BAA66E1B1607F10015A68D /* Release */,
			);
			defaultConfigurationIsVisible = 0;
		};
		24BAA66F1B1607F10015A68D /* Build configuration list for PBXNativeTarget "Care2 PetitionsTests" */ = {
			isa = XCConfigurationList;
			buildConfigurations = (
				24BAA6701B1607F10015A68D /* Debug */,
				24BAA6711B1607F10015A68D /* Release */,
			);
			defaultConfigurationIsVisible = 0;
		};
/* End XCConfigurationList section */
	};
	rootObject = 24BAA6431B1607F00015A68D /* Project object */;
}
